{
  "originHash" : "0a8f56a19931a521ef1d36a946a1e5dffa8267802dd46c315afa882eb4dfe5e9",
  "pins" : [
    {
      "identity" : "defaults",
      "kind" : "remoteSourceControl",
      "location" : "https://github.com/sindresorhus/Defaults.git",
      "state" : {
        "revision" : "38925e3cfacf3fb89a81a35b1cd44fd5a5b7e0fa",
        "version" : "8.2.0"
      }
    },
    {
      "identity" : "mobilliumbuilders",
      "kind" : "remoteSourceControl",
      "location" : "https://github.com/mobillium/MobilliumBuilders.git",
      "state" : {
        "revision" : "babf60cfda74e0ab468e28e8f082e11b26ff90e7",
        "version" : "1.6.1"
      }
    },
    {
      "identity" : "qonversion-ios-sdk",
      "kind" : "remoteSourceControl",
      "location" : "https://github.com/qonversion/qonversion-ios-sdk.git",
      "state" : {
        "revision" : "0ec224f004c0673d942b23680ee046cba2a7e0be",
        "version" : "5.13.0"
      }
    }
  ],
  "version" : 3
}
