{
  "pins" : [
    {
      "identity" : "defaults",
      "kind" : "remoteSourceControl",
      "location" : "https://github.com/sindresorhus/Defaults.git",
      "state" : {
        "revision" : "ef1b2318fb549002bb533bec3a8ad98ae09f2cb6",
        "version" : "9.0.0"
      }
    },
    {
      "identity" : "mobilliumbuilders",
      "kind" : "remoteSourceControl",
      "location" : "https://github.com/mobillium/MobilliumBuilders.git",
      "state" : {
        "revision" : "babf60cfda74e0ab468e28e8f082e11b26ff90e7",
        "version" : "1.6.1"
      }
    },
    {
      "identity" : "qonversion-ios-sdk",
      "kind" : "remoteSourceControl",
      "location" : "https://github.com/qonversion/qonversion-ios-sdk.git",
      "state" : {
        "revision" : "88ee730f209d173d8ea7921e0e7ee6d86e58b9cd",
        "version" : "5.6.0"
      }
    },
    {
      "identity" : "swift-syntax",
      "kind" : "remoteSourceControl",
      "location" : "https://github.com/swiftlang/swift-syntax",
      "state" : {
        "revision" : "0687f71944021d616d34d922343dcef086855920",
        "version" : "600.0.1"
      }
    }
  ],
  "version" : 2
}
